
Microsoft Visual Studio Solution File, Format Version 12.00
# Visual Studio Version 16
VisualStudioVersion = 16.0.32602.291
MinimumVisualStudioVersion = 10.0.40219.1
Project("{FAE04EC0-301F-11D3-BF4B-00C04F79EFBC}") = "BuscaCEP.Android", "BuscaCEP\BuscaCEP.Android\BuscaCEP.Android.csproj", "{3A07BF4B-D96D-414B-93BD-F921BDBA8101}"
EndProject
Project("{FAE04EC0-301F-11D3-BF4B-00C04F79EFBC}") = "BuscaCEP.iOS", "BuscaCEP\BuscaCEP.iOS\BuscaCEP.iOS.csproj", "{AEC0015D-F743-47CA-B6F3-BEE316C9ECEC}"
EndProject
Project("{FAE04EC0-301F-11D3-BF4B-00C04F79EFBC}") = "BuscaCEP", "BuscaCEP\BuscaCEP\BuscaCEP.csproj", "{A0273794-FB5D-4B08-BEF8-8C944677D70F}"
EndProject
Global
	GlobalSection(SolutionConfigurationPlatforms) = preSolution
		Debug|Any CPU = Debug|Any CPU
		Debug|iPhone = Debug|iPhone
		Debug|iPhoneSimulator = Debug|iPhoneSimulator
		Release|Any CPU = Release|Any CPU
		Release|iPhone = Release|iPhone
		Release|iPhoneSimulator = Release|iPhoneSimulator
	EndGlobalSection
	GlobalSection(ProjectConfigurationPlatforms) = postSolution
		{3A07BF4B-D96D-414B-93BD-F921BDBA8101}.Debug|Any CPU.ActiveCfg = Debug|Any CPU
		{3A07BF4B-D96D-414B-93BD-F921BDBA8101}.Debug|Any CPU.Build.0 = Debug|Any CPU
		{3A07BF4B-D96D-414B-93BD-F921BDBA8101}.Debug|Any CPU.Deploy.0 = Debug|Any CPU
		{3A07BF4B-D96D-414B-93BD-F921BDBA8101}.Debug|iPhone.ActiveCfg = Debug|Any CPU
		{3A07BF4B-D96D-414B-93BD-F921BDBA8101}.Debug|iPhone.Build.0 = Debug|Any CPU
		{3A07BF4B-D96D-414B-93BD-F921BDBA8101}.Debug|iPhone.Deploy.0 = Debug|Any CPU
		{3A07BF4B-D96D-414B-93BD-F921BDBA8101}.Debug|iPhoneSimulator.ActiveCfg = Debug|Any CPU
		{3A07BF4B-D96D-414B-93BD-F921BDBA8101}.Debug|iPhoneSimulator.Build.0 = Debug|Any CPU
		{3A07BF4B-D96D-414B-93BD-F921BDBA8101}.Debug|iPhoneSimulator.Deploy.0 = Debug|Any CPU
		{3A07BF4B-D96D-414B-93BD-F921BDBA8101}.Release|Any CPU.ActiveCfg = Release|Any CPU
		{3A07BF4B-D96D-414B-93BD-F921BDBA8101}.Release|Any CPU.Build.0 = Release|Any CPU
		{3A07BF4B-D96D-414B-93BD-F921BDBA8101}.Release|Any CPU.Deploy.0 = Release|Any CPU
		{3A07BF4B-D96D-414B-93BD-F921BDBA8101}.Release|iPhone.ActiveCfg = Release|Any CPU
		{3A07BF4B-D96D-414B-93BD-F921BDBA8101}.Release|iPhone.Build.0 = Release|Any CPU
		{3A07BF4B-D96D-414B-93BD-F921BDBA8101}.Release|iPhone.Deploy.0 = Release|Any CPU
		{3A07BF4B-D96D-414B-93BD-F921BDBA8101}.Release|iPhoneSimulator.ActiveCfg = Release|Any CPU
		{3A07BF4B-D96D-414B-93BD-F921BDBA8101}.Release|iPhoneSimulator.Build.0 = Release|Any CPU
		{3A07BF4B-D96D-414B-93BD-F921BDBA8101}.Release|iPhoneSimulator.Deploy.0 = Release|Any CPU
		{AEC0015D-F743-47CA-B6F3-BEE316C9ECEC}.Debug|Any CPU.ActiveCfg = Debug|iPhone
		{AEC0015D-F743-47CA-B6F3-BEE316C9ECEC}.Debug|Any CPU.Build.0 = Debug|iPhone
		{AEC0015D-F743-47CA-B6F3-BEE316C9ECEC}.Debug|Any CPU.Deploy.0 = Debug|iPhone
		{AEC0015D-F743-47CA-B6F3-BEE316C9ECEC}.Debug|iPhone.ActiveCfg = Debug|iPhone
		{AEC0015D-F743-47CA-B6F3-BEE316C9ECEC}.Debug|iPhone.Build.0 = Debug|iPhone
		{AEC0015D-F743-47CA-B6F3-BEE316C9ECEC}.Debug|iPhone.Deploy.0 = Debug|iPhone
		{AEC0015D-F743-47CA-B6F3-BEE316C9ECEC}.Debug|iPhoneSimulator.ActiveCfg = Debug|iPhoneSimulator
		{AEC0015D-F743-47CA-B6F3-BEE316C9ECEC}.Debug|iPhoneSimulator.Build.0 = Debug|iPhoneSimulator
		{AEC0015D-F743-47CA-B6F3-BEE316C9ECEC}.Debug|iPhoneSimulator.Deploy.0 = Debug|iPhoneSimulator
		{AEC0015D-F743-47CA-B6F3-BEE316C9ECEC}.Release|Any CPU.ActiveCfg = Release|iPhoneSimulator
		{AEC0015D-F743-47CA-B6F3-BEE316C9ECEC}.Release|Any CPU.Build.0 = Release|iPhoneSimulator
		{AEC0015D-F743-47CA-B6F3-BEE316C9ECEC}.Release|Any CPU.Deploy.0 = Release|iPhoneSimulator
		{AEC0015D-F743-47CA-B6F3-BEE316C9ECEC}.Release|iPhone.ActiveCfg = Release|iPhone
		{AEC0015D-F743-47CA-B6F3-BEE316C9ECEC}.Release|iPhone.Build.0 = Release|iPhone
		{AEC0015D-F743-47CA-B6F3-BEE316C9ECEC}.Release|iPhone.Deploy.0 = Release|iPhone
		{AEC0015D-F743-47CA-B6F3-BEE316C9ECEC}.Release|iPhoneSimulator.ActiveCfg = Release|iPhoneSimulator
		{AEC0015D-F743-47CA-B6F3-BEE316C9ECEC}.Release|iPhoneSimulator.Build.0 = Release|iPhoneSimulator
		{AEC0015D-F743-47CA-B6F3-BEE316C9ECEC}.Release|iPhoneSimulator.Deploy.0 = Release|iPhoneSimulator
		{A0273794-FB5D-4B08-BEF8-8C944677D70F}.Debug|Any CPU.ActiveCfg = Debug|Any CPU
		{A0273794-FB5D-4B08-BEF8-8C944677D70F}.Debug|Any CPU.Build.0 = Debug|Any CPU
		{A0273794-FB5D-4B08-BEF8-8C944677D70F}.Debug|Any CPU.Deploy.0 = Debug|Any CPU
		{A0273794-FB5D-4B08-BEF8-8C944677D70F}.Debug|iPhone.ActiveCfg = Debug|Any CPU
		{A0273794-FB5D-4B08-BEF8-8C944677D70F}.Debug|iPhone.Build.0 = Debug|Any CPU
		{A0273794-FB5D-4B08-BEF8-8C944677D70F}.Debug|iPhone.Deploy.0 = Debug|Any CPU
		{A0273794-FB5D-4B08-BEF8-8C944677D70F}.Debug|iPhoneSimulator.ActiveCfg = Debug|Any CPU
		{A0273794-FB5D-4B08-BEF8-8C944677D70F}.Debug|iPhoneSimulator.Build.0 = Debug|Any CPU
		{A0273794-FB5D-4B08-BEF8-8C944677D70F}.Debug|iPhoneSimulator.Deploy.0 = Debug|Any CPU
		{A0273794-FB5D-4B08-BEF8-8C944677D70F}.Release|Any CPU.ActiveCfg = Release|Any CPU
		{A0273794-FB5D-4B08-BEF8-8C944677D70F}.Release|Any CPU.Build.0 = Release|Any CPU
		{A0273794-FB5D-4B08-BEF8-8C944677D70F}.Release|Any CPU.Deploy.0 = Release|Any CPU
		{A0273794-FB5D-4B08-BEF8-8C944677D70F}.Release|iPhone.ActiveCfg = Release|Any CPU
		{A0273794-FB5D-4B08-BEF8-8C944677D70F}.Release|iPhone.Build.0 = Release|Any CPU
		{A0273794-FB5D-4B08-BEF8-8C944677D70F}.Release|iPhone.Deploy.0 = Release|Any CPU
		{A0273794-FB5D-4B08-BEF8-8C944677D70F}.Release|iPhoneSimulator.ActiveCfg = Release|Any CPU
		{A0273794-FB5D-4B08-BEF8-8C944677D70F}.Release|iPhoneSimulator.Build.0 = Release|Any CPU
		{A0273794-FB5D-4B08-BEF8-8C944677D70F}.Release|iPhoneSimulator.Deploy.0 = Release|Any CPU
	EndGlobalSection
	GlobalSection(SolutionProperties) = preSolution
		HideSolutionNode = FALSE
	EndGlobalSection
	GlobalSection(ExtensibilityGlobals) = postSolution
		SolutionGuid = {9C321849-D47B-452C-8787-284538012387}
	EndGlobalSection
EndGlobal
